
Microsoft Visual Studio Solution File, Format Version 12.00
# Visual Studio Version 16
VisualStudioVersion = 16.0.29911.84
MinimumVisualStudioVersion = 10.0.40219.1
Project("{FAE04EC0-301F-11D3-BF4B-00C04F79EFBC}") = "MoshHamedaniExamples.UWP", "MoshHamedaniExamples.UWP\MoshHamedaniExamples.UWP.csproj", "{80B193D4-9F23-4408-900C-07816FF1AF29}"
EndProject
Project("{FAE04EC0-301F-11D3-BF4B-00C04F79EFBC}") = "MoshHamedaniExamples.Android", "MoshHamedaniExamples.Android\MoshHamedaniExamples.Android.csproj", "{C5FA0550-C311-4F0C-9079-5665AFCF7AC5}"
EndProject
Project("{FAE04EC0-301F-11D3-BF4B-00C04F79EFBC}") = "MoshHamedaniExamples.iOS", "MoshHamedaniExamples.iOS\MoshHamedaniExamples.iOS.csproj", "{148573E1-55E4-4EA6-9F1A-E159ECC0903B}"
EndProject
Project("{FAE04EC0-301F-11D3-BF4B-00C04F79EFBC}") = "MoshHamedaniExamples", "MoshHamedaniExamples\MoshHamedaniExamples.csproj", "{7D1AE0A9-963C-4D7A-A859-13F33B530302}"
EndProject
Global
	GlobalSection(SolutionConfigurationPlatforms) = preSolution
		Debug|Any CPU = Debug|Any CPU
		Debug|ARM = Debug|ARM
		Debug|iPhone = Debug|iPhone
		Debug|iPhoneSimulator = Debug|iPhoneSimulator
		Debug|x64 = Debug|x64
		Debug|x86 = Debug|x86
		Release|Any CPU = Release|Any CPU
		Release|ARM = Release|ARM
		Release|iPhone = Release|iPhone
		Release|iPhoneSimulator = Release|iPhoneSimulator
		Release|x64 = Release|x64
		Release|x86 = Release|x86
	EndGlobalSection
	GlobalSection(ProjectConfigurationPlatforms) = postSolution
		{80B193D4-9F23-4408-900C-07816FF1AF29}.Debug|Any CPU.ActiveCfg = Debug|x86
		{80B193D4-9F23-4408-900C-07816FF1AF29}.Debug|Any CPU.Build.0 = Debug|x86
		{80B193D4-9F23-4408-900C-07816FF1AF29}.Debug|Any CPU.Deploy.0 = Debug|x86
		{80B193D4-9F23-4408-900C-07816FF1AF29}.Debug|ARM.ActiveCfg = Debug|ARM
		{80B193D4-9F23-4408-900C-07816FF1AF29}.Debug|ARM.Build.0 = Debug|ARM
		{80B193D4-9F23-4408-900C-07816FF1AF29}.Debug|ARM.Deploy.0 = Debug|ARM
		{80B193D4-9F23-4408-900C-07816FF1AF29}.Debug|iPhone.ActiveCfg = Debug|x86
		{80B193D4-9F23-4408-900C-07816FF1AF29}.Debug|iPhone.Build.0 = Debug|x86
		{80B193D4-9F23-4408-900C-07816FF1AF29}.Debug|iPhone.Deploy.0 = Debug|x86
		{80B193D4-9F23-4408-900C-07816FF1AF29}.Debug|iPhoneSimulator.ActiveCfg = Debug|x86
		{80B193D4-9F23-4408-900C-07816FF1AF29}.Debug|iPhoneSimulator.Build.0 = Debug|x86
		{80B193D4-9F23-4408-900C-07816FF1AF29}.Debug|iPhoneSimulator.Deploy.0 = Debug|x86
		{80B193D4-9F23-4408-900C-07816FF1AF29}.Debug|x64.ActiveCfg = Debug|x64
		{80B193D4-9F23-4408-900C-07816FF1AF29}.Debug|x64.Build.0 = Debug|x64
		{80B193D4-9F23-4408-900C-07816FF1AF29}.Debug|x64.Deploy.0 = Debug|x64
		{80B193D4-9F23-4408-900C-07816FF1AF29}.Debug|x86.ActiveCfg = Debug|x86
		{80B193D4-9F23-4408-900C-07816FF1AF29}.Debug|x86.Build.0 = Debug|x86
		{80B193D4-9F23-4408-900C-07816FF1AF29}.Debug|x86.Deploy.0 = Debug|x86
		{80B193D4-9F23-4408-900C-07816FF1AF29}.Release|Any CPU.ActiveCfg = Release|x86
		{80B193D4-9F23-4408-900C-07816FF1AF29}.Release|Any CPU.Build.0 = Release|x86
		{80B193D4-9F23-4408-900C-07816FF1AF29}.Release|Any CPU.Deploy.0 = Release|x86
		{80B193D4-9F23-4408-900C-07816FF1AF29}.Release|ARM.ActiveCfg = Release|ARM
		{80B193D4-9F23-4408-900C-07816FF1AF29}.Release|ARM.Build.0 = Release|ARM
		{80B193D4-9F23-4408-900C-07816FF1AF29}.Release|ARM.Deploy.0 = Release|ARM
		{80B193D4-9F23-4408-900C-07816FF1AF29}.Release|iPhone.ActiveCfg = Release|x86
		{80B193D4-9F23-4408-900C-07816FF1AF29}.Release|iPhone.Build.0 = Release|x86
		{80B193D4-9F23-4408-900C-07816FF1AF29}.Release|iPhone.Deploy.0 = Release|x86
		{80B193D4-9F23-4408-900C-07816FF1AF29}.Release|iPhoneSimulator.ActiveCfg = Release|x86
		{80B193D4-9F23-4408-900C-07816FF1AF29}.Release|iPhoneSimulator.Build.0 = Release|x86
		{80B193D4-9F23-4408-900C-07816FF1AF29}.Release|iPhoneSimulator.Deploy.0 = Release|x86
		{80B193D4-9F23-4408-900C-07816FF1AF29}.Release|x64.ActiveCfg = Release|x64
		{80B193D4-9F23-4408-900C-07816FF1AF29}.Release|x64.Build.0 = Release|x64
		{80B193D4-9F23-4408-900C-07816FF1AF29}.Release|x64.Deploy.0 = Release|x64
		{80B193D4-9F23-4408-900C-07816FF1AF29}.Release|x86.ActiveCfg = Release|x86
		{80B193D4-9F23-4408-900C-07816FF1AF29}.Release|x86.Build.0 = Release|x86
		{80B193D4-9F23-4408-900C-07816FF1AF29}.Release|x86.Deploy.0 = Release|x86
		{C5FA0550-C311-4F0C-9079-5665AFCF7AC5}.Debug|Any CPU.ActiveCfg = Debug|Any CPU
		{C5FA0550-C311-4F0C-9079-5665AFCF7AC5}.Debug|Any CPU.Build.0 = Debug|Any CPU
		{C5FA0550-C311-4F0C-9079-5665AFCF7AC5}.Debug|Any CPU.Deploy.0 = Debug|Any CPU
		{C5FA0550-C311-4F0C-9079-5665AFCF7AC5}.Debug|ARM.ActiveCfg = Debug|Any CPU
		{C5FA0550-C311-4F0C-9079-5665AFCF7AC5}.Debug|ARM.Build.0 = Debug|Any CPU
		{C5FA0550-C311-4F0C-9079-5665AFCF7AC5}.Debug|ARM.Deploy.0 = Debug|Any CPU
		{C5FA0550-C311-4F0C-9079-5665AFCF7AC5}.Debug|iPhone.ActiveCfg = Debug|Any CPU
		{C5FA0550-C311-4F0C-9079-5665AFCF7AC5}.Debug|iPhone.Build.0 = Debug|Any CPU
		{C5FA0550-C311-4F0C-9079-5665AFCF7AC5}.Debug|iPhone.Deploy.0 = Debug|Any CPU
		{C5FA0550-C311-4F0C-9079-5665AFCF7AC5}.Debug|iPhoneSimulator.ActiveCfg = Debug|Any CPU
		{C5FA0550-C311-4F0C-9079-5665AFCF7AC5}.Debug|iPhoneSimulator.Build.0 = Debug|Any CPU
		{C5FA0550-C311-4F0C-9079-5665AFCF7AC5}.Debug|iPhoneSimulator.Deploy.0 = Debug|Any CPU
		{C5FA0550-C311-4F0C-9079-5665AFCF7AC5}.Debug|x64.ActiveCfg = Debug|Any CPU
		{C5FA0550-C311-4F0C-9079-5665AFCF7AC5}.Debug|x64.Build.0 = Debug|Any CPU
		{C5FA0550-C311-4F0C-9079-5665AFCF7AC5}.Debug|x64.Deploy.0 = Debug|Any CPU
		{C5FA0550-C311-4F0C-9079-5665AFCF7AC5}.Debug|x86.ActiveCfg = Debug|Any CPU
		{C5FA0550-C311-4F0C-9079-5665AFCF7AC5}.Debug|x86.Build.0 = Debug|Any CPU
		{C5FA0550-C311-4F0C-9079-5665AFCF7AC5}.Debug|x86.Deploy.0 = Debug|Any CPU
		{C5FA0550-C311-4F0C-9079-5665AFCF7AC5}.Release|Any CPU.ActiveCfg = Release|Any CPU
		{C5FA0550-C311-4F0C-9079-5665AFCF7AC5}.Release|Any CPU.Build.0 = Release|Any CPU
		{C5FA0550-C311-4F0C-9079-5665AFCF7AC5}.Release|Any CPU.Deploy.0 = Release|Any CPU
		{C5FA0550-C311-4F0C-9079-5665AFCF7AC5}.Release|ARM.ActiveCfg = Release|Any CPU
		{C5FA0550-C311-4F0C-9079-5665AFCF7AC5}.Release|ARM.Build.0 = Release|Any CPU
		{C5FA0550-C311-4F0C-9079-5665AFCF7AC5}.Release|ARM.Deploy.0 = Release|Any CPU
		{C5FA0550-C311-4F0C-9079-5665AFCF7AC5}.Release|iPhone.ActiveCfg = Release|Any CPU
		{C5FA0550-C311-4F0C-9079-5665AFCF7AC5}.Release|iPhone.Build.0 = Release|Any CPU
		{C5FA0550-C311-4F0C-9079-5665AFCF7AC5}.Release|iPhone.Deploy.0 = Release|Any CPU
		{C5FA0550-C311-4F0C-9079-5665AFCF7AC5}.Release|iPhoneSimulator.ActiveCfg = Release|Any CPU
		{C5FA0550-C311-4F0C-9079-5665AFCF7AC5}.Release|iPhoneSimulator.Build.0 = Release|Any CPU
		{C5FA0550-C311-4F0C-9079-5665AFCF7AC5}.Release|iPhoneSimulator.Deploy.0 = Release|Any CPU
		{C5FA0550-C311-4F0C-9079-5665AFCF7AC5}.Release|x64.ActiveCfg = Release|Any CPU
		{C5FA0550-C311-4F0C-9079-5665AFCF7AC5}.Release|x64.Build.0 = Release|Any CPU
		{C5FA0550-C311-4F0C-9079-5665AFCF7AC5}.Release|x64.Deploy.0 = Release|Any CPU
		{C5FA0550-C311-4F0C-9079-5665AFCF7AC5}.Release|x86.ActiveCfg = Release|Any CPU
		{C5FA0550-C311-4F0C-9079-5665AFCF7AC5}.Release|x86.Build.0 = Release|Any CPU
		{C5FA0550-C311-4F0C-9079-5665AFCF7AC5}.Release|x86.Deploy.0 = Release|Any CPU
		{148573E1-55E4-4EA6-9F1A-E159ECC0903B}.Debug|Any CPU.ActiveCfg = Debug|iPhone
		{148573E1-55E4-4EA6-9F1A-E159ECC0903B}.Debug|Any CPU.Build.0 = Debug|iPhone
		{148573E1-55E4-4EA6-9F1A-E159ECC0903B}.Debug|Any CPU.Deploy.0 = Debug|iPhone
		{148573E1-55E4-4EA6-9F1A-E159ECC0903B}.Debug|ARM.ActiveCfg = Debug|iPhone
		{148573E1-55E4-4EA6-9F1A-E159ECC0903B}.Debug|ARM.Build.0 = Debug|iPhone
		{148573E1-55E4-4EA6-9F1A-E159ECC0903B}.Debug|ARM.Deploy.0 = Debug|iPhone
		{148573E1-55E4-4EA6-9F1A-E159ECC0903B}.Debug|iPhone.ActiveCfg = Debug|iPhone
		{148573E1-55E4-4EA6-9F1A-E159ECC0903B}.Debug|iPhone.Build.0 = Debug|iPhone
		{148573E1-55E4-4EA6-9F1A-E159ECC0903B}.Debug|iPhone.Deploy.0 = Debug|iPhone
		{148573E1-55E4-4EA6-9F1A-E159ECC0903B}.Debug|iPhoneSimulator.ActiveCfg = Debug|iPhoneSimulator
		{148573E1-55E4-4EA6-9F1A-E159ECC0903B}.Debug|iPhoneSimulator.Build.0 = Debug|iPhoneSimulator
		{148573E1-55E4-4EA6-9F1A-E159ECC0903B}.Debug|iPhoneSimulator.Deploy.0 = Debug|iPhoneSimulator
		{148573E1-55E4-4EA6-9F1A-E159ECC0903B}.Debug|x64.ActiveCfg = Debug|iPhone
		{148573E1-55E4-4EA6-9F1A-E159ECC0903B}.Debug|x64.Build.0 = Debug|iPhone
		{148573E1-55E4-4EA6-9F1A-E159ECC0903B}.Debug|x64.Deploy.0 = Debug|iPhone
		{148573E1-55E4-4EA6-9F1A-E159ECC0903B}.Debug|x86.ActiveCfg = Debug|iPhone
		{148573E1-55E4-4EA6-9F1A-E159ECC0903B}.Debug|x86.Build.0 = Debug|iPhone
		{148573E1-55E4-4EA6-9F1A-E159ECC0903B}.Debug|x86.Deploy.0 = Debug|iPhone
		{148573E1-55E4-4EA6-9F1A-E159ECC0903B}.Release|Any CPU.ActiveCfg = Release|iPhone
		{148573E1-55E4-4EA6-9F1A-E159ECC0903B}.Release|Any CPU.Build.0 = Release|iPhone
		{148573E1-55E4-4EA6-9F1A-E159ECC0903B}.Release|Any CPU.Deploy.0 = Release|iPhone
		{148573E1-55E4-4EA6-9F1A-E159ECC0903B}.Release|ARM.ActiveCfg = Release|iPhone
		{148573E1-55E4-4EA6-9F1A-E159ECC0903B}.Release|ARM.Build.0 = Release|iPhone
		{148573E1-55E4-4EA6-9F1A-E159ECC0903B}.Release|ARM.Deploy.0 = Release|iPhone
		{148573E1-55E4-4EA6-9F1A-E159ECC0903B}.Release|iPhone.ActiveCfg = Release|iPhone
		{148573E1-55E4-4EA6-9F1A-E159ECC0903B}.Release|iPhone.Build.0 = Release|iPhone
		{148573E1-55E4-4EA6-9F1A-E159ECC0903B}.Release|iPhone.Deploy.0 = Release|iPhone
		{148573E1-55E4-4EA6-9F1A-E159ECC0903B}.Release|iPhoneSimulator.ActiveCfg = Release|iPhoneSimulator
		{148573E1-55E4-4EA6-9F1A-E159ECC0903B}.Release|iPhoneSimulator.Build.0 = Release|iPhoneSimulator
		{148573E1-55E4-4EA6-9F1A-E159ECC0903B}.Release|iPhoneSimulator.Deploy.0 = Release|iPhoneSimulator
		{148573E1-55E4-4EA6-9F1A-E159ECC0903B}.Release|x64.ActiveCfg = Release|iPhone
		{148573E1-55E4-4EA6-9F1A-E159ECC0903B}.Release|x64.Build.0 = Release|iPhone
		{148573E1-55E4-4EA6-9F1A-E159ECC0903B}.Release|x64.Deploy.0 = Release|iPhone
		{148573E1-55E4-4EA6-9F1A-E159ECC0903B}.Release|x86.ActiveCfg = Release|iPhone
		{148573E1-55E4-4EA6-9F1A-E159ECC0903B}.Release|x86.Build.0 = Release|iPhone
		{148573E1-55E4-4EA6-9F1A-E159ECC0903B}.Release|x86.Deploy.0 = Release|iPhone
		{7D1AE0A9-963C-4D7A-A859-13F33B530302}.Debug|Any CPU.ActiveCfg = Debug|Any CPU
		{7D1AE0A9-963C-4D7A-A859-13F33B530302}.Debug|Any CPU.Build.0 = Debug|Any CPU
		{7D1AE0A9-963C-4D7A-A859-13F33B530302}.Debug|Any CPU.Deploy.0 = Debug|Any CPU
		{7D1AE0A9-963C-4D7A-A859-13F33B530302}.Debug|ARM.ActiveCfg = Debug|Any CPU
		{7D1AE0A9-963C-4D7A-A859-13F33B530302}.Debug|ARM.Build.0 = Debug|Any CPU
		{7D1AE0A9-963C-4D7A-A859-13F33B530302}.Debug|ARM.Deploy.0 = Debug|Any CPU
		{7D1AE0A9-963C-4D7A-A859-13F33B530302}.Debug|iPhone.ActiveCfg = Debug|Any CPU
		{7D1AE0A9-963C-4D7A-A859-13F33B530302}.Debug|iPhone.Build.0 = Debug|Any CPU
		{7D1AE0A9-963C-4D7A-A859-13F33B530302}.Debug|iPhone.Deploy.0 = Debug|Any CPU
		{7D1AE0A9-963C-4D7A-A859-13F33B530302}.Debug|iPhoneSimulator.ActiveCfg = Debug|Any CPU
		{7D1AE0A9-963C-4D7A-A859-13F33B530302}.Debug|iPhoneSimulator.Build.0 = Debug|Any CPU
		{7D1AE0A9-963C-4D7A-A859-13F33B530302}.Debug|iPhoneSimulator.Deploy.0 = Debug|Any CPU
		{7D1AE0A9-963C-4D7A-A859-13F33B530302}.Debug|x64.ActiveCfg = Debug|Any CPU
		{7D1AE0A9-963C-4D7A-A859-13F33B530302}.Debug|x64.Build.0 = Debug|Any CPU
		{7D1AE0A9-963C-4D7A-A859-13F33B530302}.Debug|x64.Deploy.0 = Debug|Any CPU
		{7D1AE0A9-963C-4D7A-A859-13F33B530302}.Debug|x86.ActiveCfg = Debug|Any CPU
		{7D1AE0A9-963C-4D7A-A859-13F33B530302}.Debug|x86.Build.0 = Debug|Any CPU
		{7D1AE0A9-963C-4D7A-A859-13F33B530302}.Debug|x86.Deploy.0 = Debug|Any CPU
		{7D1AE0A9-963C-4D7A-A859-13F33B530302}.Release|Any CPU.ActiveCfg = Release|Any CPU
		{7D1AE0A9-963C-4D7A-A859-13F33B530302}.Release|Any CPU.Build.0 = Release|Any CPU
		{7D1AE0A9-963C-4D7A-A859-13F33B530302}.Release|Any CPU.Deploy.0 = Release|Any CPU
		{7D1AE0A9-963C-4D7A-A859-13F33B530302}.Release|ARM.ActiveCfg = Release|Any CPU
		{7D1AE0A9-963C-4D7A-A859-13F33B530302}.Release|ARM.Build.0 = Release|Any CPU
		{7D1AE0A9-963C-4D7A-A859-13F33B530302}.Release|ARM.Deploy.0 = Release|Any CPU
		{7D1AE0A9-963C-4D7A-A859-13F33B530302}.Release|iPhone.ActiveCfg = Release|Any CPU
		{7D1AE0A9-963C-4D7A-A859-13F33B530302}.Release|iPhone.Build.0 = Release|Any CPU
		{7D1AE0A9-963C-4D7A-A859-13F33B530302}.Release|iPhone.Deploy.0 = Release|Any CPU
		{7D1AE0A9-963C-4D7A-A859-13F33B530302}.Release|iPhoneSimulator.ActiveCfg = Release|Any CPU
		{7D1AE0A9-963C-4D7A-A859-13F33B530302}.Release|iPhoneSimulator.Build.0 = Release|Any CPU
		{7D1AE0A9-963C-4D7A-A859-13F33B530302}.Release|iPhoneSimulator.Deploy.0 = Release|Any CPU
		{7D1AE0A9-963C-4D7A-A859-13F33B530302}.Release|x64.ActiveCfg = Release|Any CPU
		{7D1AE0A9-963C-4D7A-A859-13F33B530302}.Release|x64.Build.0 = Release|Any CPU
		{7D1AE0A9-963C-4D7A-A859-13F33B530302}.Release|x64.Deploy.0 = Release|Any CPU
		{7D1AE0A9-963C-4D7A-A859-13F33B530302}.Release|x86.ActiveCfg = Release|Any CPU
		{7D1AE0A9-963C-4D7A-A859-13F33B530302}.Release|x86.Build.0 = Release|Any CPU
		{7D1AE0A9-963C-4D7A-A859-13F33B530302}.Release|x86.Deploy.0 = Release|Any CPU
	EndGlobalSection
	GlobalSection(SolutionProperties) = preSolution
		HideSolutionNode = FALSE
	EndGlobalSection
	GlobalSection(ExtensibilityGlobals) = postSolution
		SolutionGuid = {005A87C6-FDD8-4397-8852-C84FEA56A636}
	EndGlobalSection
EndGlobal
